// !$*UTF8*$!
{
	archiveVersion = 1;
	classes = {
	};
	objectVersion = 50;
	objects = {

/* Begin PBXBuildFile section */
		8AE41CAB20A02F92005080E8 /* AppDelegate.swift in Sources */ = {isa = PBXBuildFile; fileRef = 8AE41CAA20A02F92005080E8 /* AppDelegate.swift */; };
		8AE41CAD20A02F92005080E8 /* ViewController.swift in Sources */ = {isa = PBXBuildFile; fileRef = 8AE41CAC20A02F92005080E8 /* ViewController.swift */; };
		8AE41CB020A02F92005080E8 /* Main.storyboard in Resources */ = {isa = PBXBuildFile; fileRef = 8AE41CAE20A02F92005080E8 /* Main.storyboard */; };
		8AE41CB220A02F93005080E8 /* Assets.xcassets in Resources */ = {isa = PBXBuildFile; fileRef = 8AE41CB120A02F93005080E8 /* Assets.xcassets */; };
		8AE41CB520A02F93005080E8 /* LaunchScreen.storyboard in Resources */ = {isa = PBXBuildFile; fileRef = 8AE41CB320A02F93005080E8 /* LaunchScreen.storyboard */; };
		8AE41CC020A02F93005080E8 /* sampleTests.swift in Sources */ = {isa = PBXBuildFile; fileRef = 8AE41CBF20A02F93005080E8 /* sampleTests.swift */; };
		8AE41CCB20A02F93005080E8 /* sampleUITests.swift in Sources */ = {isa = PBXBuildFile; fileRef = 8AE41CCA20A02F93005080E8 /* sampleUITests.swift */; };
/* End PBXBuildFile section */

/* Begin PBXContainerItemProxy section */
		8AE41CBC20A02F93005080E8 /* PBXContainerItemProxy */ = {
			isa = PBXContainerItemProxy;
			containerPortal = 8AE41C9F20A02F92005080E8 /* Project object */;
			proxyType = 1;
			remoteGlobalIDString = 8AE41CA620A02F92005080E8;
			remoteInfo = sample;
		};
		8AE41CC720A02F93005080E8 /* PBXContainerItemProxy */ = {
			isa = PBXContainerItemProxy;
			containerPortal = 8AE41C9F20A02F92005080E8 /* Project object */;
			proxyType = 1;
			remoteGlobalIDString = 8AE41CA620A02F92005080E8;
			remoteInfo = sample;
		};
/* End PBXContainerItemProxy section */

/* Begin PBXFileReference section */
		8AE41CA720A02F92005080E8 /* sample.app */ = {isa = PBXFileReference; explicitFileType = wrapper.application; includeInIndex = 0; path = sample.app; sourceTree = BUILT_PRODUCTS_DIR; };
		8AE41CAA20A02F92005080E8 /* AppDelegate.swift */ = {isa = PBXFileReference; lastKnownFileType = sourcecode.swift; path = AppDelegate.swift; sourceTree = "<group>"; };
		8AE41CAC20A02F92005080E8 /* ViewController.swift */ = {isa = PBXFileReference; lastKnownFileType = sourcecode.swift; path = ViewController.swift; sourceTree = "<group>"; };
		8AE41CAF20A02F92005080E8 /* Base */ = {isa = PBXFileReference; lastKnownFileType = file.storyboard; name = Base; path = Base.lproj/Main.storyboard; sourceTree = "<group>"; };
		8AE41CB120A02F93005080E8 /* Assets.xcassets */ = {isa = PBXFileReference; lastKnownFileType = folder.assetcatalog; path = Assets.xcassets; sourceTree = "<group>"; };
		8AE41CB420A02F93005080E8 /* Base */ = {isa = PBXFileReference; lastKnownFileType = file.storyboard; name = Base; path = Base.lproj/LaunchScreen.storyboard; sourceTree = "<group>"; };
		8AE41CB620A02F93005080E8 /* Info.plist */ = {isa = PBXFileReference; lastKnownFileType = text.plist.xml; path = Info.plist; sourceTree = "<group>"; };
		8AE41CBB20A02F93005080E8 /* sampleTests.xctest */ = {isa = PBXFileReference; explicitFileType = wrapper.cfbundle; includeInIndex = 0; path = sampleTests.xctest; sourceTree = BUILT_PRODUCTS_DIR; };
		8AE41CBF20A02F93005080E8 /* sampleTests.swift */ = {isa = PBXFileReference; lastKnownFileType = sourcecode.swift; path = sampleTests.swift; sourceTree = "<group>"; };
		8AE41CC120A02F93005080E8 /* Info.plist */ = {isa = PBXFileReference; lastKnownFileType = text.plist.xml; path = Info.plist; sourceTree = "<group>"; };
		8AE41CC620A02F93005080E8 /* sampleUITests.xctest */ = {isa = PBXFileReference; explicitFileType = wrapper.cfbundle; includeInIndex = 0; path = sampleUITests.xctest; sourceTree = BUILT_PRODUCTS_DIR; };
		8AE41CCA20A02F93005080E8 /* sampleUITests.swift */ = {isa = PBXFileReference; lastKnownFileType = sourcecode.swift; path = sampleUITests.swift; sourceTree = "<group>"; };
		8AE41CCC20A02F93005080E8 /* Info.plist */ = {isa = PBXFileReference; lastKnownFileType = text.plist.xml; path = Info.plist; sourceTree = "<group>"; };
/* End PBXFileReference section */

/* Begin PBXFrameworksBuildPhase section */
		8AE41CA420A02F92005080E8 /* Frameworks */ = {
			isa = PBXFrameworksBuildPhase;
			buildActionMask = 2147483647;
			files = (
			);
			runOnlyForDeploymentPostprocessing = 0;
		};
		8AE41CB820A02F93005080E8 /* Frameworks */ = {
			isa = PBXFrameworksBuildPhase;
			buildActionMask = 2147483647;
			files = (
			);
			runOnlyForDeploymentPostprocessing = 0;
		};
		8AE41CC320A02F93005080E8 /* Frameworks */ = {
			isa = PBXFrameworksBuildPhase;
			buildActionMask = 2147483647;
			files = (
			);
			runOnlyForDeploymentPostprocessing = 0;
		};
/* End PBXFrameworksBuildPhase section */

/* Begin PBXGroup section */
		8AE41C9E20A02F92005080E8 = {
			isa = PBXGroup;
			children = (
				8AE41CA920A02F92005080E8 /* sample */,
				8AE41CBE20A02F93005080E8 /* sampleTests */,
				8AE41CC920A02F93005080E8 /* sampleUITests */,
				8AE41CA820A02F92005080E8 /* Products */,
			);
			sourceTree = "<group>";
		};
		8AE41CA820A02F92005080E8 /* Products */ = {
			isa = PBXGroup;
			children = (
				8AE41CA720A02F92005080E8 /* sample.app */,
				8AE41CBB20A02F93005080E8 /* sampleTests.xctest */,
				8AE41CC620A02F93005080E8 /* sampleUITests.xctest */,
			);
			name = Products;
			sourceTree = "<group>";
		};
		8AE41CA920A02F92005080E8 /* sample */ = {
			isa = PBXGroup;
			children = (
				8AE41CAA20A02F92005080E8 /* AppDelegate.swift */,
				8AE41CAC20A02F92005080E8 /* ViewController.swift */,
				8AE41CAE20A02F92005080E8 /* Main.storyboard */,
				8AE41CB120A02F93005080E8 /* Assets.xcassets */,
				8AE41CB320A02F93005080E8 /* LaunchScreen.storyboard */,
				8AE41CB620A02F93005080E8 /* Info.plist */,
			);
			path = sample;
			sourceTree = "<group>";
		};
		8AE41CBE20A02F93005080E8 /* sampleTests */ = {
			isa = PBXGroup;
			children = (
				8AE41CBF20A02F93005080E8 /* sampleTests.swift */,
				8AE41CC120A02F93005080E8 /* Info.plist */,
			);
			path = sampleTests;
			sourceTree = "<group>";
		};
		8AE41CC920A02F93005080E8 /* sampleUITests */ = {
			isa = PBXGroup;
			children = (
				8AE41CCA20A02F93005080E8 /* sampleUITests.swift */,
				8AE41CCC20A02F93005080E8 /* Info.plist */,
			);
			path = sampleUITests;
			sourceTree = "<group>";
		};
/* End PBXGroup section */

/* Begin PBXNativeTarget section */
		8AE41CA620A02F92005080E8 /* sample */ = {
			isa = PBXNativeTarget;
			buildConfigurationList = 8AE41CCF20A02F93005080E8 /* Build configuration list for PBXNativeTarget "sample" */;
			buildPhases = (
				8AE41CA320A02F92005080E8 /* Sources */,
				8AE41CA420A02F92005080E8 /* Frameworks */,
				8AE41CA520A02F92005080E8 /* Resources */,
			);
			buildRules = (
			);
			dependencies = (
			);
			name = sample;
			productName = sample;
			productReference = 8AE41CA720A02F92005080E8 /* sample.app */;
			productType = "com.apple.product-type.application";
		};
		8AE41CBA20A02F93005080E8 /* sampleTests */ = {
			isa = PBXNativeTarget;
			buildConfigurationList = 8AE41CD220A02F93005080E8 /* Build configuration list for PBXNativeTarget "sampleTests" */;
			buildPhases = (
				8AE41CB720A02F93005080E8 /* Sources */,
				8AE41CB820A02F93005080E8 /* Frameworks */,
				8AE41CB920A02F93005080E8 /* Resources */,
			);
			buildRules = (
			);
			dependencies = (
				8AE41CBD20A02F93005080E8 /* PBXTargetDependency */,
			);
			name = sampleTests;
			productName = sampleTests;
			productReference = 8AE41CBB20A02F93005080E8 /* sampleTests.xctest */;
			productType = "com.apple.product-type.bundle.unit-test";
		};
		8AE41CC520A02F93005080E8 /* sampleUITests */ = {
			isa = PBXNativeTarget;
			buildConfigurationList = 8AE41CD520A02F93005080E8 /* Build configuration list for PBXNativeTarget "sampleUITests" */;
			buildPhases = (
				8AE41CC220A02F93005080E8 /* Sources */,
				8AE41CC320A02F93005080E8 /* Frameworks */,
				8AE41CC420A02F93005080E8 /* Resources */,
			);
			buildRules = (
			);
			dependencies = (
				8AE41CC820A02F93005080E8 /* PBXTargetDependency */,
			);
			name = sampleUITests;
			productName = sampleUITests;
			productReference = 8AE41CC620A02F93005080E8 /* sampleUITests.xctest */;
			productType = "com.apple.product-type.bundle.ui-testing";
		};
/* End PBXNativeTarget section */

/* Begin PBXProject section */
		8AE41C9F20A02F92005080E8 /* Project object */ = {
			isa = PBXProject;
			attributes = {
				LastSwiftUpdateCheck = 0930;
				LastUpgradeCheck = 0930;
				ORGANIZATIONNAME = "Tô tử Siêu";
				TargetAttributes = {
					8AE41CA620A02F92005080E8 = {
						CreatedOnToolsVersion = 9.3;
					};
					8AE41CBA20A02F93005080E8 = {
						CreatedOnToolsVersion = 9.3;
						TestTargetID = 8AE41CA620A02F92005080E8;
					};
					8AE41CC520A02F93005080E8 = {
						CreatedOnToolsVersion = 9.3;
						TestTargetID = 8AE41CA620A02F92005080E8;
					};
				};
			};
			buildConfigurationList = 8AE41CA220A02F92005080E8 /* Build configuration list for PBXProject "sample" */;
			compatibilityVersion = "Xcode 9.3";
			developmentRegion = en;
			hasScannedForEncodings = 0;
			knownRegions = (
				en,
				Base,
			);
			mainGroup = 8AE41C9E20A02F92005080E8;
			productRefGroup = 8AE41CA820A02F92005080E8 /* Products */;
			projectDirPath = "";
			projectRoot = "";
			targets = (
				8AE41CA620A02F92005080E8 /* sample */,
				8AE41CBA20A02F93005080E8 /* sampleTests */,
				8AE41CC520A02F93005080E8 /* sampleUITests */,
			);
		};
/* End PBXProject section */

/* Begin PBXResourcesBuildPhase section */
		8AE41CA520A02F92005080E8 /* Resources */ = {
			isa = PBXResourcesBuildPhase;
			buildActionMask = 2147483647;
			files = (
				8AE41CB520A02F93005080E8 /* LaunchScreen.storyboard in Resources */,
				8AE41CB220A02F93005080E8 /* Assets.xcassets in Resources */,
				8AE41CB020A02F92005080E8 /* Main.storyboard in Resources */,
			);
			runOnlyForDeploymentPostprocessing = 0;
		};
		8AE41CB920A02F93005080E8 /* Resources */ = {
			isa = PBXResourcesBuildPhase;
			buildActionMask = 2147483647;
			files = (
			);
			runOnlyForDeploymentPostprocessing = 0;
		};
		8AE41CC420A02F93005080E8 /* Resources */ = {
			isa = PBXResourcesBuildPhase;
			buildActionMask = 2147483647;
			files = (
			);
			runOnlyForDeploymentPostprocessing = 0;
		};
/* End PBXResourcesBuildPhase section */

/* Begin PBXSourcesBuildPhase section */
		8AE41CA320A02F92005080E8 /* Sources */ = {
			isa = PBXSourcesBuildPhase;
			buildActionMask = 2147483647;
			files = (
				8AE41CAD20A02F92005080E8 /* ViewController.swift in Sources */,
				8AE41CAB20A02F92005080E8 /* AppDelegate.swift in Sources */,
			);
			runOnlyForDeploymentPostprocessing = 0;
		};
		8AE41CB720A02F93005080E8 /* Sources */ = {
			isa = PBXSourcesBuildPhase;
			buildActionMask = 2147483647;
			files = (
				8AE41CC020A02F93005080E8 /* sampleTests.swift in Sources */,
			);
			runOnlyForDeploymentPostprocessing = 0;
		};
		8AE41CC220A02F93005080E8 /* Sources */ = {
			isa = PBXSourcesBuildPhase;
			buildActionMask = 2147483647;
			files = (
				8AE41CCB20A02F93005080E8 /* sampleUITests.swift in Sources */,
			);
			runOnlyForDeploymentPostprocessing = 0;
		};
/* End PBXSourcesBuildPhase section */

/* Begin PBXTargetDependency section */
		8AE41CBD20A02F93005080E8 /* PBXTargetDependency */ = {
			isa = PBXTargetDependency;
			target = 8AE41CA620A02F92005080E8 /* sample */;
			targetProxy = 8AE41CBC20A02F93005080E8 /* PBXContainerItemProxy */;
		};
		8AE41CC820A02F93005080E8 /* PBXTargetDependency */ = {
			isa = PBXTargetDependency;
			target = 8AE41CA620A02F92005080E8 /* sample */;
			targetProxy = 8AE41CC720A02F93005080E8 /* PBXContainerItemProxy */;
		};
/* End PBXTargetDependency section */

/* Begin PBXVariantGroup section */
		8AE41CAE20A02F92005080E8 /* Main.storyboard */ = {
			isa = PBXVariantGroup;
			children = (
				8AE41CAF20A02F92005080E8 /* Base */,
			);
			name = Main.storyboard;
			sourceTree = "<group>";
		};
		8AE41CB320A02F93005080E8 /* LaunchScreen.storyboard */ = {
			isa = PBXVariantGroup;
			children = (
				8AE41CB420A02F93005080E8 /* Base */,
			);
			name = LaunchScreen.storyboard;
			sourceTree = "<group>";
		};
/* End PBXVariantGroup section */

/* Begin XCBuildConfiguration section */
		8AE41CCD20A02F93005080E8 /* Debug */ = {
			isa = XCBuildConfiguration;
			buildSettings = {
				ALWAYS_SEARCH_USER_PATHS = NO;
				CLANG_ANALYZER_NONNULL = YES;
				CLANG_ANALYZER_NUMBER_OBJECT_CONVERSION = YES_AGGRESSIVE;
				CLANG_CXX_LANGUAGE_STANDARD = "gnu++14";
				CLANG_CXX_LIBRARY = "libc++";
				CLANG_ENABLE_MODULES = YES;
				CLANG_ENABLE_OBJC_ARC = YES;
				CLANG_ENABLE_OBJC_WEAK = YES;
				CLANG_WARN_BLOCK_CAPTURE_AUTORELEASING = YES;
				CLANG_WARN_BOOL_CONVERSION = YES;
				CLANG_WARN_COMMA = YES;
				CLANG_WARN_CONSTANT_CONVERSION = YES;
				CLANG_WARN_DEPRECATED_OBJC_IMPLEMENTATIONS = YES;
				CLANG_WARN_DIRECT_OBJC_ISA_USAGE = YES_ERROR;
				CLANG_WARN_DOCUMENTATION_COMMENTS = YES;
				CLANG_WARN_EMPTY_BODY = YES;
				CLANG_WARN_ENUM_CONVERSION = YES;
				CLANG_WARN_INFINITE_RECURSION = YES;
				CLANG_WARN_INT_CONVERSION = YES;
				CLANG_WARN_NON_LITERAL_NULL_CONVERSION = YES;
				CLANG_WARN_OBJC_IMPLICIT_RETAIN_SELF = YES;
				CLANG_WARN_OBJC_LITERAL_CONVERSION = YES;
				CLANG_WARN_OBJC_ROOT_CLASS = YES_ERROR;
				CLANG_WARN_RANGE_LOOP_ANALYSIS = YES;
				CLANG_WARN_STRICT_PROTOTYPES = YES;
				CLANG_WARN_SUSPICIOUS_MOVE = YES;
				CLANG_WARN_UNGUARDED_AVAILABILITY = YES_AGGRESSIVE;
				CLANG_WARN_UNREACHABLE_CODE = YES;
				CLANG_WARN__DUPLICATE_METHOD_MATCH = YES;
				CODE_SIGN_IDENTITY = "iPhone Developer";
				COPY_PHASE_STRIP = NO;
				DEBUG_INFORMATION_FORMAT = dwarf;
				ENABLE_STRICT_OBJC_MSGSEND = YES;
				ENABLE_TESTABILITY = YES;
				GCC_C_LANGUAGE_STANDARD = gnu11;
				GCC_DYNAMIC_NO_PIC = NO;
				GCC_NO_COMMON_BLOCKS = YES;
				GCC_OPTIMIZATION_LEVEL = 0;
				GCC_PREPROCESSOR_DEFINITIONS = (
					"DEBUG=1",
					"$(inherited)",
				);
				GCC_WARN_64_TO_32_BIT_CONVERSION = YES;
				GCC_WARN_ABOUT_RETURN_TYPE = YES_ERROR;
				GCC_WARN_UNDECLARED_SELECTOR = YES;
				GCC_WARN_UNINITIALIZED_AUTOS = YES_AGGRESSIVE;
				GCC_WARN_UNUSED_FUNCTION = YES;
				GCC_WARN_UNUSED_VARIABLE = YES;
				IPHONEOS_DEPLOYMENT_TARGET = 11.3;
				MTL_ENABLE_DEBUG_INFO = YES;
				ONLY_ACTIVE_ARCH = YES;
				SDKROOT = iphoneos;
				SWIFT_ACTIVE_COMPILATION_CONDITIONS = DEBUG;
				SWIFT_OPTIMIZATION_LEVEL = "-Onone";
			};
			name = Debug;
		};
		8AE41CCE20A02F93005080E8 /* Release */ = {
			isa = XCBuildConfiguration;
			buildSettings = {
				ALWAYS_SEARCH_USER_PATHS = NO;
				CLANG_ANALYZER_NONNULL = YES;
				CLANG_ANALYZER_NUMBER_OBJECT_CONVERSION = YES_AGGRESSIVE;
				CLANG_CXX_LANGUAGE_STANDARD = "gnu++14";
				CLANG_CXX_LIBRARY = "libc++";
				CLANG_ENABLE_MODULES = YES;
				CLANG_ENABLE_OBJC_ARC = YES;
				CLANG_ENABLE_OBJC_WEAK = YES;
				CLANG_WARN_BLOCK_CAPTURE_AUTORELEASING = YES;
				CLANG_WARN_BOOL_CONVERSION = YES;
				CLANG_WARN_COMMA = YES;
				CLANG_WARN_CONSTANT_CONVERSION = YES;
				CLANG_WARN_DEPRECATED_OBJC_IMPLEMENTATIONS = YES;
				CLANG_WARN_DIRECT_OBJC_ISA_USAGE = YES_ERROR;
				CLANG_WARN_DOCUMENTATION_COMMENTS = YES;
				CLANG_WARN_EMPTY_BODY = YES;
				CLANG_WARN_ENUM_CONVERSION = YES;
				CLANG_WARN_INFINITE_RECURSION = YES;
				CLANG_WARN_INT_CONVERSION = YES;
				CLANG_WARN_NON_LITERAL_NULL_CONVERSION = YES;
				CLANG_WARN_OBJC_IMPLICIT_RETAIN_SELF = YES;
				CLANG_WARN_OBJC_LITERAL_CONVERSION = YES;
				CLANG_WARN_OBJC_ROOT_CLASS = YES_ERROR;
				CLANG_WARN_RANGE_LOOP_ANALYSIS = YES;
				CLANG_WARN_STRICT_PROTOTYPES = YES;
				CLANG_WARN_SUSPICIOUS_MOVE = YES;
				CLANG_WARN_UNGUARDED_AVAILABILITY = YES_AGGRESSIVE;
				CLANG_WARN_UNREACHABLE_CODE = YES;
				CLANG_WARN__DUPLICATE_METHOD_MATCH = YES;
				CODE_SIGN_IDENTITY = "iPhone Developer";
				COPY_PHASE_STRIP = NO;
				DEBUG_INFORMATION_FORMAT = "dwarf-with-dsym";
				ENABLE_NS_ASSERTIONS = NO;
				ENABLE_STRICT_OBJC_MSGSEND = YES;
				GCC_C_LANGUAGE_STANDARD = gnu11;
				GCC_NO_COMMON_BLOCKS = YES;
				GCC_WARN_64_TO_32_BIT_CONVERSION = YES;
				GCC_WARN_ABOUT_RETURN_TYPE = YES_ERROR;
				GCC_WARN_UNDECLARED_SELECTOR = YES;
				GCC_WARN_UNINITIALIZED_AUTOS = YES_AGGRESSIVE;
				GCC_WARN_UNUSED_FUNCTION = YES;
				GCC_WARN_UNUSED_VARIABLE = YES;
				IPHONEOS_DEPLOYMENT_TARGET = 11.3;
				MTL_ENABLE_DEBUG_INFO = NO;
				SDKROOT = iphoneos;
				SWIFT_COMPILATION_MODE = wholemodule;
				SWIFT_OPTIMIZATION_LEVEL = "-O";
				VALIDATE_PRODUCT = YES;
			};
			name = Release;
		};
		8AE41CD020A02F93005080E8 /* Debug */ = {
			isa = XCBuildConfiguration;
			buildSettings = {
				ASSETCATALOG_COMPILER_APPICON_NAME = AppIcon;
				CODE_SIGN_STYLE = Automatic;
				INFOPLIST_FILE = sample/Info.plist;
				LD_RUNPATH_SEARCH_PATHS = (
					"$(inherited)",
					"@executable_path/Frameworks",
				);
				PRODUCT_BUNDLE_IDENTIFIER = Sega.sample;
				PRODUCT_NAME = "$(TARGET_NAME)";
				SWIFT_VERSION = 4.0;
				TARGETED_DEVICE_FAMILY = "1,2";
			};
			name = Debug;
		};
		8AE41CD120A02F93005080E8 /* Release */ = {
			isa = XCBuildConfiguration;
			buildSettings = {
				ASSETCATALOG_COMPILER_APPICON_NAME = AppIcon;
				CODE_SIGN_STYLE = Automatic;
				INFOPLIST_FILE = sample/Info.plist;
				LD_RUNPATH_SEARCH_PATHS = (
					"$(inherited)",
					"@executable_path/Frameworks",
				);
				PRODUCT_BUNDLE_IDENTIFIER = Sega.sample;
				PRODUCT_NAME = "$(TARGET_NAME)";
				SWIFT_VERSION = 4.0;
				TARGETED_DEVICE_FAMILY = "1,2";
			};
			name = Release;
		};
		8AE41CD320A02F93005080E8 /* Debug */ = {
			isa = XCBuildConfiguration;
			buildSettings = {
				ALWAYS_EMBED_SWIFT_STANDARD_LIBRARIES = YES;
				BUNDLE_LOADER = "$(TEST_HOST)";
				CODE_SIGN_STYLE = Automatic;
				INFOPLIST_FILE = sampleTests/Info.plist;
				LD_RUNPATH_SEARCH_PATHS = (
					"$(inherited)",
					"@executable_path/Frameworks",
					"@loader_path/Frameworks",
				);
				PRODUCT_BUNDLE_IDENTIFIER = Sega.sampleTests;
				PRODUCT_NAME = "$(TARGET_NAME)";
				SWIFT_VERSION = 4.0;
				TARGETED_DEVICE_FAMILY = "1,2";
				TEST_HOST = "$(BUILT_PRODUCTS_DIR)/sample.app/sample";
			};
			name = Debug;
		};
		8AE41CD420A02F93005080E8 /* Release */ = {
			isa = XCBuildConfiguration;
			buildSettings = {
				ALWAYS_EMBED_SWIFT_STANDARD_LIBRARIES = YES;
				BUNDLE_LOADER = "$(TEST_HOST)";
				CODE_SIGN_STYLE = Automatic;
				INFOPLIST_FILE = sampleTests/Info.plist;
				LD_RUNPATH_SEARCH_PATHS = (
					"$(inherited)",
					"@executable_path/Frameworks",
					"@loader_path/Frameworks",
				);
				PRODUCT_BUNDLE_IDENTIFIER = Sega.sampleTests;
				PRODUCT_NAME = "$(TARGET_NAME)";
				SWIFT_VERSION = 4.0;
				TARGETED_DEVICE_FAMILY = "1,2";
				TEST_HOST = "$(BUILT_PRODUCTS_DIR)/sample.app/sample";
			};
			name = Release;
		};
		8AE41CD620A02F93005080E8 /* Debug */ = {
			isa = XCBuildConfiguration;
			buildSettings = {
				ALWAYS_EMBED_SWIFT_STANDARD_LIBRARIES = YES;
				CODE_SIGN_STYLE = Automatic;
				INFOPLIST_FILE = sampleUITests/Info.plist;
				LD_RUNPATH_SEARCH_PATHS = (
					"$(inherited)",
					"@executable_path/Frameworks",
					"@loader_path/Frameworks",
				);
				PRODUCT_BUNDLE_IDENTIFIER = Sega.sampleUITests;
				PRODUCT_NAME = "$(TARGET_NAME)";
				SWIFT_VERSION = 4.0;
				TARGETED_DEVICE_FAMILY = "1,2";
				TEST_TARGET_NAME = sample;
			};
			name = Debug;
		};
		8AE41CD720A02F93005080E8 /* Release */ = {
			isa = XCBuildConfiguration;
			buildSettings = {
				ALWAYS_EMBED_SWIFT_STANDARD_LIBRARIES = YES;
				CODE_SIGN_STYLE = Automatic;
				INFOPLIST_FILE = sampleUITests/Info.plist;
				LD_RUNPATH_SEARCH_PATHS = (
					"$(inherited)",
					"@executable_path/Frameworks",
					"@loader_path/Frameworks",
				);
				PRODUCT_BUNDLE_IDENTIFIER = Sega.sampleUITests;
				PRODUCT_NAME = "$(TARGET_NAME)";
				SWIFT_VERSION = 4.0;
				TARGETED_DEVICE_FAMILY = "1,2";
				TEST_TARGET_NAME = sample;
			};
			name = Release;
		};
/* End XCBuildConfiguration section */

/* Begin XCConfigurationList section */
		8AE41CA220A02F92005080E8 /* Build configuration list for PBXProject "sample" */ = {
			isa = XCConfigurationList;
			buildConfigurations = (
				8AE41CCD20A02F93005080E8 /* Debug */,
				8AE41CCE20A02F93005080E8 /* Release */,
			);
			defaultConfigurationIsVisible = 0;
			defaultConfigurationName = Release;
		};
		8AE41CCF20A02F93005080E8 /* Build configuration list for PBXNativeTarget "sample" */ = {
			isa = XCConfigurationList;
			buildConfigurations = (
				8AE41CD020A02F93005080E8 /* Debug */,
				8AE41CD120A02F93005080E8 /* Release */,
			);
			defaultConfigurationIsVisible = 0;
			defaultConfigurationName = Release;
		};
		8AE41CD220A02F93005080E8 /* Build configuration list for PBXNativeTarget "sampleTests" */ = {
			isa = XCConfigurationList;
			buildConfigurations = (
				8AE41CD320A02F93005080E8 /* Debug */,
				8AE41CD420A02F93005080E8 /* Release */,
			);
			defaultConfigurationIsVisible = 0;
			defaultConfigurationName = Release;
		};
		8AE41CD520A02F93005080E8 /* Build configuration list for PBXNativeTarget "sampleUITests" */ = {
			isa = XCConfigurationList;
			buildConfigurations = (
				8AE41CD620A02F93005080E8 /* Debug */,
				8AE41CD720A02F93005080E8 /* Release */,
			);
			defaultConfigurationIsVisible = 0;
			defaultConfigurationName = Release;
		};
/* End XCConfigurationList section */
	};
	rootObject = 8AE41C9F20A02F92005080E8 /* Project object */;
}
